<?xml version="1.0" encoding="utf-8"?>
<Project ToolsVersion="4.0" xmlns="http://schemas.microsoft.com/developer/msbuild/2003">
  <ItemGroup>
    <Filter Include="Source Files">
      <UniqueIdentifier>{4FC737F1-C7A5-4376-A066-2A32D752A2FF}</UniqueIdentifier>
      <Extensions>cpp;c;cc;cxx;def;odl;idl;hpj;bat;asm;asmx</Extensions>
    </Filter>
    <Filter Include="Header Files">
      <UniqueIdentifier>{93995380-89BD-4b04-88EB-625FBE52EBFB}</UniqueIdentifier>
      <Extensions>h;hh;hpp;hxx;hm;inl;inc;xsd</Extensions>
    </Filter>
    <Filter Include="Resource Files">
      <UniqueIdentifier>{67DA6AB6-F800-4c08-8B7A-83BB121AAD01}</UniqueIdentifier>
      <Extensions>rc;ico;cur;bmp;dlg;rc2;rct;bin;rgs;gif;jpg;jpeg;jpe;resx;tiff;tif;png;wav;mfcribbon-ms</Extensions>
    </Filter>
  </ItemGroup>
  <ItemGroup>
    <ClCompile Include="dice_Face.cpp">
      <Filter>Source Files</Filter>
    </ClCompile>
    <ClCompile Include="green_Arrow.cpp">
      <Filter>Source Files</Filter>
    </ClCompile>
    <ClCompile Include="green_Bowl.cpp">
      <Filter>Source Files</Filter>
    </ClCompile>
    <ClCompile Include="green_Color.cpp">
      <Filter>Source Files</Filter>
    </ClCompile>
    <ClCompile Include="green_Mouse.cpp">
      <Filter>Source Files</Filter>
    </ClCompile>
    <ClCompile Include="green_Sleeping_Cat.cpp">
      <Filter>Source Files</Filter>
    </ClCompile>
    <ClCompile Include="red_Arrow.cpp">
      <Filter>Source Files</Filter>
    </ClCompile>
    <ClCompile Include="red_Bowl.cpp">
      <Filter>Source Files</Filter>
    </ClCompile>
    <ClCompile Include="red_Color.cpp">
      <Filter>Source Files</Filter>
    </ClCompile>
    <ClCompile Include="red_Mouse.cpp">
      <Filter>Source Files</Filter>
    </ClCompile>
    <ClCompile Include="red_Sleeping_Cat.cpp">
      <Filter>Source Files</Filter>
    </ClCompile>
    <ClCompile Include="feed_the_Kitty.cpp">
      <Filter>Source Files</Filter>
    </ClCompile>
    <ClCompile Include="DICE.cpp">
      <Filter>Resource Files</Filter>
    </ClCompile>
    <ClCompile Include="Player.cpp">
      <Filter>Resource Files</Filter>
    </ClCompile>
    <ClCompile Include="Game.cpp">
      <Filter>Resource Files</Filter>
    </ClCompile>
  </ItemGroup>
  <ItemGroup>
    <ClInclude Include="dice_Face.h">
      <Filter>Header Files</Filter>
    </ClInclude>
    <ClInclude Include="green_Arrow.h">
      <Filter>Header Files</Filter>
    </ClInclude>
    <ClInclude Include="green_Bowl.h">
      <Filter>Header Files</Filter>
    </ClInclude>
    <ClInclude Include="green_Color.h">
      <Filter>Header Files</Filter>
    </ClInclude>
    <ClInclude Include="green_Mouse.h">
      <Filter>Header Files</Filter>
    </ClInclude>
    <ClInclude Include="green_Sleeping_Cat.h">
      <Filter>Header Files</Filter>
    </ClInclude>
    <ClInclude Include="red_Arrow.h">
      <Filter>Header Files</Filter>
    </ClInclude>
    <ClInclude Include="red_Bowl.h">
      <Filter>Header Files</Filter>
    </ClInclude>
    <ClInclude Include="red_Color.h">
      <Filter>Header Files</Filter>
    </ClInclude>
    <ClInclude Include="red_Mouse.h">
      <Filter>Header Files</Filter>
    </ClInclude>
    <ClInclude Include="red_Sleeping_Cat.h">
      <Filter>Header Files</Filter>
    </ClInclude>
    <ClInclude Include="DICE.h">
      <Filter>Header Files</Filter>
    </ClInclude>
    <ClInclude Include="Player.h">
      <Filter>Header Files</Filter>
    </ClInclude>
    <ClInclude Include="Game.h">
      <Filter>Header Files</Filter>
    </ClInclude>
  </ItemGroup>
</Project>